
Microsoft Visual Studio Solution File, Format Version 12.00
# Visual Studio Version 16
VisualStudioVersion = 16.0.30002.166
MinimumVisualStudioVersion = 10.0.40219.1
Project("{FAE04EC0-301F-11D3-BF4B-00C04F79EFBC}") = "Evento.DTO", "Evento.DTO\Evento.DTO.csproj", "{25046AAD-11A2-48A4-BFF8-EA035392129C}"
EndProject
Project("{FAE04EC0-301F-11D3-BF4B-00C04F79EFBC}") = "Evento.DAL", "Evento.DAL\Evento.DAL.csproj", "{D9E33ADC-78E7-47EF-9D27-BC6042D24CC0}"
EndProject
Project("{FAE04EC0-301F-11D3-BF4B-00C04F79EFBC}") = "Evento.BLL", "Evento.BLL\Evento.BLL.csproj", "{8CD7BE46-47EC-456A-A9A3-2927E5416F1A}"
EndProject
Project("{FAE04EC0-301F-11D3-BF4B-00C04F79EFBC}") = "Evento.SL", "Evento.SL\Evento.SL.csproj", "{CDC6D654-9922-49CD-8B6F-ACD4CE564216}"
EndProject
Project("{FAE04EC0-301F-11D3-BF4B-00C04F79EFBC}") = "Evento.Web", "Evento.Web\Evento.Web.csproj", "{98A87F16-22AC-417F-B3F5-3457FAE3D69F}"
EndProject
Global
	GlobalSection(SolutionConfigurationPlatforms) = preSolution
		Debug|Any CPU = Debug|Any CPU
		Release|Any CPU = Release|Any CPU
	EndGlobalSection
	GlobalSection(ProjectConfigurationPlatforms) = postSolution
		{25046AAD-11A2-48A4-BFF8-EA035392129C}.Debug|Any CPU.ActiveCfg = Debug|Any CPU
		{25046AAD-11A2-48A4-BFF8-EA035392129C}.Debug|Any CPU.Build.0 = Debug|Any CPU
		{25046AAD-11A2-48A4-BFF8-EA035392129C}.Release|Any CPU.ActiveCfg = Release|Any CPU
		{25046AAD-11A2-48A4-BFF8-EA035392129C}.Release|Any CPU.Build.0 = Release|Any CPU
		{D9E33ADC-78E7-47EF-9D27-BC6042D24CC0}.Debug|Any CPU.ActiveCfg = Debug|Any CPU
		{D9E33ADC-78E7-47EF-9D27-BC6042D24CC0}.Debug|Any CPU.Build.0 = Debug|Any CPU
		{D9E33ADC-78E7-47EF-9D27-BC6042D24CC0}.Release|Any CPU.ActiveCfg = Release|Any CPU
		{D9E33ADC-78E7-47EF-9D27-BC6042D24CC0}.Release|Any CPU.Build.0 = Release|Any CPU
		{8CD7BE46-47EC-456A-A9A3-2927E5416F1A}.Debug|Any CPU.ActiveCfg = Debug|Any CPU
		{8CD7BE46-47EC-456A-A9A3-2927E5416F1A}.Debug|Any CPU.Build.0 = Debug|Any CPU
		{8CD7BE46-47EC-456A-A9A3-2927E5416F1A}.Release|Any CPU.ActiveCfg = Release|Any CPU
		{8CD7BE46-47EC-456A-A9A3-2927E5416F1A}.Release|Any CPU.Build.0 = Release|Any CPU
		{CDC6D654-9922-49CD-8B6F-ACD4CE564216}.Debug|Any CPU.ActiveCfg = Debug|Any CPU
		{CDC6D654-9922-49CD-8B6F-ACD4CE564216}.Debug|Any CPU.Build.0 = Debug|Any CPU
		{CDC6D654-9922-49CD-8B6F-ACD4CE564216}.Release|Any CPU.ActiveCfg = Release|Any CPU
		{CDC6D654-9922-49CD-8B6F-ACD4CE564216}.Release|Any CPU.Build.0 = Release|Any CPU
		{98A87F16-22AC-417F-B3F5-3457FAE3D69F}.Debug|Any CPU.ActiveCfg = Debug|Any CPU
		{98A87F16-22AC-417F-B3F5-3457FAE3D69F}.Debug|Any CPU.Build.0 = Debug|Any CPU
		{98A87F16-22AC-417F-B3F5-3457FAE3D69F}.Release|Any CPU.ActiveCfg = Release|Any CPU
		{98A87F16-22AC-417F-B3F5-3457FAE3D69F}.Release|Any CPU.Build.0 = Release|Any CPU
	EndGlobalSection
	GlobalSection(SolutionProperties) = preSolution
		HideSolutionNode = FALSE
	EndGlobalSection
	GlobalSection(ExtensibilityGlobals) = postSolution
		SolutionGuid = {82122177-F07F-41D5-8328-93486177D479}
	EndGlobalSection
EndGlobal
