
Microsoft Visual Studio Solution File, Format Version 12.00
# Visual Studio Version 16
VisualStudioVersion = 16.0.30002.166
MinimumVisualStudioVersion = 10.0.40219.1
Project("{9A19103F-16F7-4668-BE54-9A1E7A4F7556}") = "Evento.DAL", "Evento.DAL\Evento.DAL.csproj", "{D9E33ADC-78E7-47EF-9D27-BC6042D24CC0}"
EndProject
Project("{9A19103F-16F7-4668-BE54-9A1E7A4F7556}") = "Evento.BLL", "Evento.BLL\Evento.BLL.csproj", "{8CD7BE46-47EC-456A-A9A3-2927E5416F1A}"
EndProject
Project("{9A19103F-16F7-4668-BE54-9A1E7A4F7556}") = "Evento.Web", "Evento.Web\Evento.Web.csproj", "{E8930B65-86E7-4183-977E-B3F5044DE751}"
EndProject
Project("{FAE04EC0-301F-11D3-BF4B-00C04F79EFBC}") = "Evento.Models", "Evento.Models\Evento.Models.csproj", "{2E495E5D-FCE4-4C04-BD25-950678C0C5F1}"
EndProject
Global
	GlobalSection(SolutionConfigurationPlatforms) = preSolution
		Debug|Any CPU = Debug|Any CPU
		Release|Any CPU = Release|Any CPU
	EndGlobalSection
	GlobalSection(ProjectConfigurationPlatforms) = postSolution
		{D9E33ADC-78E7-47EF-9D27-BC6042D24CC0}.Debug|Any CPU.ActiveCfg = Debug|Any CPU
		{D9E33ADC-78E7-47EF-9D27-BC6042D24CC0}.Debug|Any CPU.Build.0 = Debug|Any CPU
		{D9E33ADC-78E7-47EF-9D27-BC6042D24CC0}.Release|Any CPU.ActiveCfg = Release|Any CPU
		{D9E33ADC-78E7-47EF-9D27-BC6042D24CC0}.Release|Any CPU.Build.0 = Release|Any CPU
		{8CD7BE46-47EC-456A-A9A3-2927E5416F1A}.Debug|Any CPU.ActiveCfg = Debug|Any CPU
		{8CD7BE46-47EC-456A-A9A3-2927E5416F1A}.Debug|Any CPU.Build.0 = Debug|Any CPU
		{8CD7BE46-47EC-456A-A9A3-2927E5416F1A}.Release|Any CPU.ActiveCfg = Release|Any CPU
		{8CD7BE46-47EC-456A-A9A3-2927E5416F1A}.Release|Any CPU.Build.0 = Release|Any CPU
		{E8930B65-86E7-4183-977E-B3F5044DE751}.Debug|Any CPU.ActiveCfg = Debug|Any CPU
		{E8930B65-86E7-4183-977E-B3F5044DE751}.Debug|Any CPU.Build.0 = Debug|Any CPU
		{E8930B65-86E7-4183-977E-B3F5044DE751}.Release|Any CPU.ActiveCfg = Release|Any CPU
		{E8930B65-86E7-4183-977E-B3F5044DE751}.Release|Any CPU.Build.0 = Release|Any CPU
		{2E495E5D-FCE4-4C04-BD25-950678C0C5F1}.Debug|Any CPU.ActiveCfg = Debug|Any CPU
		{2E495E5D-FCE4-4C04-BD25-950678C0C5F1}.Debug|Any CPU.Build.0 = Debug|Any CPU
		{2E495E5D-FCE4-4C04-BD25-950678C0C5F1}.Release|Any CPU.ActiveCfg = Release|Any CPU
		{2E495E5D-FCE4-4C04-BD25-950678C0C5F1}.Release|Any CPU.Build.0 = Release|Any CPU
	EndGlobalSection
	GlobalSection(SolutionProperties) = preSolution
		HideSolutionNode = FALSE
	EndGlobalSection
	GlobalSection(ExtensibilityGlobals) = postSolution
		SolutionGuid = {82122177-F07F-41D5-8328-93486177D479}
	EndGlobalSection
EndGlobal
